
Microsoft Visual Studio Solution File, Format Version 10.00
# Visual Studio 2008
Project("{8BC9CEB8-8B4A-11D0-8D11-00A0C91BC942}") = "WVBlk64", "WVBlk64.vcproj", "{C1D6467C-C564-4EA7-8766-0DE3D57F7961}"
EndProject
Project("{8BC9CEB8-8B4A-11D0-8D11-00A0C91BC942}") = "WVBlk32", "WVBlk32.vcproj", "{C1D6467C-C564-4EA7-8766-0DE3D57F7962}"
EndProject
Project("{8BC9CEB8-8B4A-11D0-8D11-00A0C91BC942}") = "util", "util.vcproj", "{240B5B97-7C30-46E7-B27B-F19EA69A2211}"
EndProject
Project("{8BC9CEB8-8B4A-11D0-8D11-00A0C91BC942}") = "loader", "loader.vcproj", "{240B5B97-7C30-46E7-B27B-F19EA69A2212}"
EndProject
Project("{8BC9CEB8-8B4A-11D0-8D11-00A0C91BC942}") = "httpdisk_util", "httpdisk_util.vcproj", "{240B5B97-7C30-46E7-B27B-F19EA69A2213}"
EndProject
Project("{8BC9CEB8-8B4A-11D0-8D11-00A0C91BC942}") = "WvHTTP32", "httpdisk.vcproj", "{C1D6467C-C564-4EA7-8766-0DE3D57F7982}"
	ProjectSection(ProjectDependencies) = postProject
		{C1D6467C-C564-4EA7-8766-0DE3D57F7962} = {C1D6467C-C564-4EA7-8766-0DE3D57F7962}
	EndProjectSection
EndProject
Project("{8BC9CEB8-8B4A-11D0-8D11-00A0C91BC942}") = "WvHTTP64", "httpdisk64.vcproj", "{166F2530-729A-4DF2-962B-5B255EE201E4}"
	ProjectSection(ProjectDependencies) = postProject
		{C1D6467C-C564-4EA7-8766-0DE3D57F7961} = {C1D6467C-C564-4EA7-8766-0DE3D57F7961}
	EndProjectSection
EndProject
Project("{8BC9CEB8-8B4A-11D0-8D11-00A0C91BC942}") = "aoe32", "aoe.vcproj", "{C1D6467C-C564-4EA7-8766-0DE3D57F79A2}"
	ProjectSection(ProjectDependencies) = postProject
		{C1D6467C-C564-4EA7-8766-0DE3D57F7962} = {C1D6467C-C564-4EA7-8766-0DE3D57F7962}
	EndProjectSection
EndProject
Project("{8BC9CEB8-8B4A-11D0-8D11-00A0C91BC942}") = "aoe64", "aoe64.vcproj", "{C1D6467C-C564-4EA7-8766-0DE3D57F79A3}"
	ProjectSection(ProjectDependencies) = postProject
		{166F2530-729A-4DF2-962B-5B255EE201E4} = {166F2530-729A-4DF2-962B-5B255EE201E4}
		{C1D6467C-C564-4EA7-8766-0DE3D57F7961} = {C1D6467C-C564-4EA7-8766-0DE3D57F7961}
	EndProjectSection
EndProject
Global
	GlobalSection(SolutionConfigurationPlatforms) = preSolution
		Debug|Win32 = Debug|Win32
		Debug|x64 = Debug|x64
		Release|Win32 = Release|Win32
		Release|x64 = Release|x64
	EndGlobalSection
	GlobalSection(ProjectConfigurationPlatforms) = postSolution
		{C1D6467C-C564-4EA7-8766-0DE3D57F7961}.Debug|Win32.ActiveCfg = Debug|Win32
		{C1D6467C-C564-4EA7-8766-0DE3D57F7961}.Debug|Win32.Build.0 = Debug|Win32
		{C1D6467C-C564-4EA7-8766-0DE3D57F7961}.Debug|x64.ActiveCfg = Debug|Win32
		{C1D6467C-C564-4EA7-8766-0DE3D57F7961}.Release|Win32.ActiveCfg = Release|x64
		{C1D6467C-C564-4EA7-8766-0DE3D57F7961}.Release|Win32.Build.0 = Release|x64
		{C1D6467C-C564-4EA7-8766-0DE3D57F7961}.Release|x64.ActiveCfg = Release|x64
		{C1D6467C-C564-4EA7-8766-0DE3D57F7961}.Release|x64.Build.0 = Release|x64
		{C1D6467C-C564-4EA7-8766-0DE3D57F7962}.Debug|Win32.ActiveCfg = Debug|Win32
		{C1D6467C-C564-4EA7-8766-0DE3D57F7962}.Debug|Win32.Build.0 = Debug|Win32
		{C1D6467C-C564-4EA7-8766-0DE3D57F7962}.Debug|x64.ActiveCfg = Debug|Win32
		{C1D6467C-C564-4EA7-8766-0DE3D57F7962}.Release|Win32.ActiveCfg = Release|Win32
		{C1D6467C-C564-4EA7-8766-0DE3D57F7962}.Release|Win32.Build.0 = Release|Win32
		{C1D6467C-C564-4EA7-8766-0DE3D57F7962}.Release|x64.ActiveCfg = Release|Win32
		{240B5B97-7C30-46E7-B27B-F19EA69A2211}.Debug|Win32.ActiveCfg = Debug|Win32
		{240B5B97-7C30-46E7-B27B-F19EA69A2211}.Debug|Win32.Build.0 = Debug|Win32
		{240B5B97-7C30-46E7-B27B-F19EA69A2211}.Debug|x64.ActiveCfg = Debug|Win32
		{240B5B97-7C30-46E7-B27B-F19EA69A2211}.Release|Win32.ActiveCfg = Release|Win32
		{240B5B97-7C30-46E7-B27B-F19EA69A2211}.Release|Win32.Build.0 = Release|Win32
		{240B5B97-7C30-46E7-B27B-F19EA69A2211}.Release|x64.ActiveCfg = Release|Win32
		{240B5B97-7C30-46E7-B27B-F19EA69A2212}.Debug|Win32.ActiveCfg = Debug|Win32
		{240B5B97-7C30-46E7-B27B-F19EA69A2212}.Debug|Win32.Build.0 = Debug|Win32
		{240B5B97-7C30-46E7-B27B-F19EA69A2212}.Debug|x64.ActiveCfg = Debug|Win32
		{240B5B97-7C30-46E7-B27B-F19EA69A2212}.Release|Win32.ActiveCfg = Release|Win32
		{240B5B97-7C30-46E7-B27B-F19EA69A2212}.Release|Win32.Build.0 = Release|Win32
		{240B5B97-7C30-46E7-B27B-F19EA69A2212}.Release|x64.ActiveCfg = Release|Win32
		{240B5B97-7C30-46E7-B27B-F19EA69A2213}.Debug|Win32.ActiveCfg = Debug|Win32
		{240B5B97-7C30-46E7-B27B-F19EA69A2213}.Debug|Win32.Build.0 = Debug|Win32
		{240B5B97-7C30-46E7-B27B-F19EA69A2213}.Debug|x64.ActiveCfg = Debug|Win32
		{240B5B97-7C30-46E7-B27B-F19EA69A2213}.Release|Win32.ActiveCfg = Release|Win32
		{240B5B97-7C30-46E7-B27B-F19EA69A2213}.Release|Win32.Build.0 = Release|Win32
		{240B5B97-7C30-46E7-B27B-F19EA69A2213}.Release|x64.ActiveCfg = Release|Win32
		{C1D6467C-C564-4EA7-8766-0DE3D57F7982}.Debug|Win32.ActiveCfg = Debug|Win32
		{C1D6467C-C564-4EA7-8766-0DE3D57F7982}.Debug|Win32.Build.0 = Debug|Win32
		{C1D6467C-C564-4EA7-8766-0DE3D57F7982}.Debug|x64.ActiveCfg = Debug|x64
		{C1D6467C-C564-4EA7-8766-0DE3D57F7982}.Debug|x64.Build.0 = Debug|x64
		{C1D6467C-C564-4EA7-8766-0DE3D57F7982}.Release|Win32.ActiveCfg = Release|Win32
		{C1D6467C-C564-4EA7-8766-0DE3D57F7982}.Release|Win32.Build.0 = Release|Win32
		{C1D6467C-C564-4EA7-8766-0DE3D57F7982}.Release|x64.ActiveCfg = Release|x64
		{C1D6467C-C564-4EA7-8766-0DE3D57F7982}.Release|x64.Build.0 = Release|x64
		{166F2530-729A-4DF2-962B-5B255EE201E4}.Debug|Win32.ActiveCfg = Debug|Win32
		{166F2530-729A-4DF2-962B-5B255EE201E4}.Debug|Win32.Build.0 = Debug|Win32
		{166F2530-729A-4DF2-962B-5B255EE201E4}.Debug|x64.ActiveCfg = Debug|x64
		{166F2530-729A-4DF2-962B-5B255EE201E4}.Debug|x64.Build.0 = Debug|x64
		{166F2530-729A-4DF2-962B-5B255EE201E4}.Release|Win32.ActiveCfg = Release|x64
		{166F2530-729A-4DF2-962B-5B255EE201E4}.Release|Win32.Build.0 = Release|x64
		{166F2530-729A-4DF2-962B-5B255EE201E4}.Release|x64.ActiveCfg = Release|x64
		{166F2530-729A-4DF2-962B-5B255EE201E4}.Release|x64.Build.0 = Release|x64
		{C1D6467C-C564-4EA7-8766-0DE3D57F79A2}.Debug|Win32.ActiveCfg = Debug|Win32
		{C1D6467C-C564-4EA7-8766-0DE3D57F79A2}.Debug|Win32.Build.0 = Debug|Win32
		{C1D6467C-C564-4EA7-8766-0DE3D57F79A2}.Debug|x64.ActiveCfg = Debug|x64
		{C1D6467C-C564-4EA7-8766-0DE3D57F79A2}.Debug|x64.Build.0 = Debug|x64
		{C1D6467C-C564-4EA7-8766-0DE3D57F79A2}.Release|Win32.ActiveCfg = Release|Win32
		{C1D6467C-C564-4EA7-8766-0DE3D57F79A2}.Release|Win32.Build.0 = Release|Win32
		{C1D6467C-C564-4EA7-8766-0DE3D57F79A2}.Release|x64.ActiveCfg = Release|x64
		{C1D6467C-C564-4EA7-8766-0DE3D57F79A2}.Release|x64.Build.0 = Release|x64
		{C1D6467C-C564-4EA7-8766-0DE3D57F79A3}.Debug|Win32.ActiveCfg = Debug|Win32
		{C1D6467C-C564-4EA7-8766-0DE3D57F79A3}.Debug|Win32.Build.0 = Debug|Win32
		{C1D6467C-C564-4EA7-8766-0DE3D57F79A3}.Debug|x64.ActiveCfg = Debug|x64
		{C1D6467C-C564-4EA7-8766-0DE3D57F79A3}.Debug|x64.Build.0 = Debug|x64
		{C1D6467C-C564-4EA7-8766-0DE3D57F79A3}.Release|Win32.ActiveCfg = Release|x64
		{C1D6467C-C564-4EA7-8766-0DE3D57F79A3}.Release|Win32.Build.0 = Release|x64
		{C1D6467C-C564-4EA7-8766-0DE3D57F79A3}.Release|x64.ActiveCfg = Release|x64
		{C1D6467C-C564-4EA7-8766-0DE3D57F79A3}.Release|x64.Build.0 = Release|x64
	EndGlobalSection
	GlobalSection(SolutionProperties) = preSolution
		HideSolutionNode = FALSE
	EndGlobalSection
EndGlobal
